github.com/racg0092/rhombifer v0.13.10 h1:Dq/WRt9OuvO6+bqUjInyRWOuDs9O1M2q7KRPSKBC/sU=
github.com/racg0092/rhombifer v0.13.10/go.mod h1:1wsaOSg/lP7TCWro4Zll6LWbvCjrPcoCnsVNUSw7E4c=
github.com/racg0092/rhombifer v0.13.11 h1:ER4NxDEr2oM5PqCKRuN+Sm6iE2agR0+fOkUHxEHnqv4=
github.com/racg0092/rhombifer v0.13.11/go.mod h1:dNZVHD2qzH4c2xlPtrZq363YNh2ld9w9TiOMlyvvwZM=
github.com/racg0092/rhombifer v0.13.12 h1:2GegGjhN21ctuw4b7hpMaFtOKc0VPg0Fqi+NVbCloic=
github.com/racg0092/rhombifer v0.13.12/go.mod h1:dNZVHD2qzH4c2xlPtrZq363YNh2ld9w9TiOMlyvvwZM=
